
Microsoft Visual Studio Solution File, Format Version 12.00
# Visual Studio Version 16
VisualStudioVersion = 16.0.31129.286
MinimumVisualStudioVersion = 10.0.40219.1
Project("{FAE04EC0-301F-11D3-BF4B-00C04F79EFBC}") = "Classes and Objects", "Classes and Objects\Classes and Objects.csproj", "{6604389E-F8D2-4760-8A1F-69C28D48296E}"
EndProject
Global
	GlobalSection(SolutionConfigurationPlatforms) = preSolution
		Debug|Any CPU = Debug|Any CPU
		Release|Any CPU = Release|Any CPU
	EndGlobalSection
	GlobalSection(ProjectConfigurationPlatforms) = postSolution
		{6604389E-F8D2-4760-8A1F-69C28D48296E}.Debug|Any CPU.ActiveCfg = Debug|Any CPU
		{6604389E-F8D2-4760-8A1F-69C28D48296E}.Debug|Any CPU.Build.0 = Debug|Any CPU
		{6604389E-F8D2-4760-8A1F-69C28D48296E}.Release|Any CPU.ActiveCfg = Release|Any CPU
		{6604389E-F8D2-4760-8A1F-69C28D48296E}.Release|Any CPU.Build.0 = Release|Any CPU
	EndGlobalSection
	GlobalSection(SolutionProperties) = preSolution
		HideSolutionNode = FALSE
	EndGlobalSection
	GlobalSection(ExtensibilityGlobals) = postSolution
		SolutionGuid = {26C9628D-1714-4781-9C25-FD4EEFD18C8D}
	EndGlobalSection
EndGlobal
