
Microsoft Visual Studio Solution File, Format Version 12.00
# Visual Studio Version 16
VisualStudioVersion = 16.0.31129.286
MinimumVisualStudioVersion = 10.0.40219.1
Project("{FAE04EC0-301F-11D3-BF4B-00C04F79EFBC}") = "Extension Methods", "Extension Methods\Extension Methods.csproj", "{8CBDCFDD-8850-49B9-9BF9-0F37C1FE4B74}"
EndProject
Global
	GlobalSection(SolutionConfigurationPlatforms) = preSolution
		Debug|Any CPU = Debug|Any CPU
		Release|Any CPU = Release|Any CPU
	EndGlobalSection
	GlobalSection(ProjectConfigurationPlatforms) = postSolution
		{8CBDCFDD-8850-49B9-9BF9-0F37C1FE4B74}.Debug|Any CPU.ActiveCfg = Debug|Any CPU
		{8CBDCFDD-8850-49B9-9BF9-0F37C1FE4B74}.Debug|Any CPU.Build.0 = Debug|Any CPU
		{8CBDCFDD-8850-49B9-9BF9-0F37C1FE4B74}.Release|Any CPU.ActiveCfg = Release|Any CPU
		{8CBDCFDD-8850-49B9-9BF9-0F37C1FE4B74}.Release|Any CPU.Build.0 = Release|Any CPU
	EndGlobalSection
	GlobalSection(SolutionProperties) = preSolution
		HideSolutionNode = FALSE
	EndGlobalSection
	GlobalSection(ExtensibilityGlobals) = postSolution
		SolutionGuid = {E2ECF6BD-BD14-4DD7-ACD6-1884A287DA45}
	EndGlobalSection
EndGlobal
