
Microsoft Visual Studio Solution File, Format Version 12.00
# Visual Studio Version 16
VisualStudioVersion = 16.0.31129.286
MinimumVisualStudioVersion = 10.0.40219.1
Project("{FAE04EC0-301F-11D3-BF4B-00C04F79EFBC}") = "Basic syntax", "Basic syntax\Basic syntax.csproj", "{5A864B9E-EFCE-4858-8BF4-7A2CF7537BC7}"
EndProject
Global
	GlobalSection(SolutionConfigurationPlatforms) = preSolution
		Debug|Any CPU = Debug|Any CPU
		Release|Any CPU = Release|Any CPU
	EndGlobalSection
	GlobalSection(ProjectConfigurationPlatforms) = postSolution
		{5A864B9E-EFCE-4858-8BF4-7A2CF7537BC7}.Debug|Any CPU.ActiveCfg = Debug|Any CPU
		{5A864B9E-EFCE-4858-8BF4-7A2CF7537BC7}.Debug|Any CPU.Build.0 = Debug|Any CPU
		{5A864B9E-EFCE-4858-8BF4-7A2CF7537BC7}.Release|Any CPU.ActiveCfg = Release|Any CPU
		{5A864B9E-EFCE-4858-8BF4-7A2CF7537BC7}.Release|Any CPU.Build.0 = Release|Any CPU
	EndGlobalSection
	GlobalSection(SolutionProperties) = preSolution
		HideSolutionNode = FALSE
	EndGlobalSection
	GlobalSection(ExtensibilityGlobals) = postSolution
		SolutionGuid = {A051FCAF-D90A-4EA3-AD3D-65B0DDEB3302}
	EndGlobalSection
EndGlobal
