
Microsoft Visual Studio Solution File, Format Version 12.00
# Visual Studio Version 16
VisualStudioVersion = 16.0.31129.286
MinimumVisualStudioVersion = 10.0.40219.1
Project("{9A19103F-16F7-4668-BE54-9A1E7A4F7556}") = "Class_Object_Test", "Class_Object_Test\Class_Object_Test.csproj", "{A5B29293-F34F-41AF-B053-425A04BAC227}"
EndProject
Project("{FAE04EC0-301F-11D3-BF4B-00C04F79EFBC}") = "test", "test\test.csproj", "{8D5851B8-9BB9-452E-88B9-B026E90E9ECD}"
EndProject
Global
	GlobalSection(SolutionConfigurationPlatforms) = preSolution
		Debug|Any CPU = Debug|Any CPU
		Release|Any CPU = Release|Any CPU
	EndGlobalSection
	GlobalSection(ProjectConfigurationPlatforms) = postSolution
		{A5B29293-F34F-41AF-B053-425A04BAC227}.Debug|Any CPU.ActiveCfg = Debug|Any CPU
		{A5B29293-F34F-41AF-B053-425A04BAC227}.Debug|Any CPU.Build.0 = Debug|Any CPU
		{A5B29293-F34F-41AF-B053-425A04BAC227}.Release|Any CPU.ActiveCfg = Release|Any CPU
		{A5B29293-F34F-41AF-B053-425A04BAC227}.Release|Any CPU.Build.0 = Release|Any CPU
		{8D5851B8-9BB9-452E-88B9-B026E90E9ECD}.Debug|Any CPU.ActiveCfg = Debug|Any CPU
		{8D5851B8-9BB9-452E-88B9-B026E90E9ECD}.Debug|Any CPU.Build.0 = Debug|Any CPU
		{8D5851B8-9BB9-452E-88B9-B026E90E9ECD}.Release|Any CPU.ActiveCfg = Release|Any CPU
		{8D5851B8-9BB9-452E-88B9-B026E90E9ECD}.Release|Any CPU.Build.0 = Release|Any CPU
	EndGlobalSection
	GlobalSection(SolutionProperties) = preSolution
		HideSolutionNode = FALSE
	EndGlobalSection
	GlobalSection(ExtensibilityGlobals) = postSolution
		SolutionGuid = {C5A308FB-66ED-434C-96D3-510F683B45A4}
	EndGlobalSection
EndGlobal
