
Microsoft Visual Studio Solution File, Format Version 12.00
# Visual Studio Version 16
VisualStudioVersion = 16.0.31129.286
MinimumVisualStudioVersion = 10.0.40219.1
Project("{FAE04EC0-301F-11D3-BF4B-00C04F79EFBC}") = "Events, Delegates and Lambdas", "Events, Delegates and Lambdas\Events, Delegates and Lambdas.csproj", "{5A33AB35-14E0-41DB-B1CA-9B8877DF9902}"
EndProject
Global
	GlobalSection(SolutionConfigurationPlatforms) = preSolution
		Debug|Any CPU = Debug|Any CPU
		Release|Any CPU = Release|Any CPU
	EndGlobalSection
	GlobalSection(ProjectConfigurationPlatforms) = postSolution
		{5A33AB35-14E0-41DB-B1CA-9B8877DF9902}.Debug|Any CPU.ActiveCfg = Debug|Any CPU
		{5A33AB35-14E0-41DB-B1CA-9B8877DF9902}.Debug|Any CPU.Build.0 = Debug|Any CPU
		{5A33AB35-14E0-41DB-B1CA-9B8877DF9902}.Release|Any CPU.ActiveCfg = Release|Any CPU
		{5A33AB35-14E0-41DB-B1CA-9B8877DF9902}.Release|Any CPU.Build.0 = Release|Any CPU
	EndGlobalSection
	GlobalSection(SolutionProperties) = preSolution
		HideSolutionNode = FALSE
	EndGlobalSection
	GlobalSection(ExtensibilityGlobals) = postSolution
		SolutionGuid = {E8840F6A-DFCF-4293-9805-BE7B8158C9B4}
	EndGlobalSection
EndGlobal
